
Microsoft Visual Studio Solution File, Format Version 12.00
# Visual Studio 15
Project("{FAE04EC0-301F-11D3-BF4B-00C04F79EFBC}") = "GrillAutomator", "GrillAutomator.csproj", "{2991958C-2AE5-4D60-9FEA-6A4205BAF42F}"
EndProject
Global
	GlobalSection(SolutionConfigurationPlatforms) = preSolution
		Debug|x86 = Debug|x86
		Release|x86 = Release|x86
	EndGlobalSection
	GlobalSection(ProjectConfigurationPlatforms) = postSolution
		{2991958C-2AE5-4D60-9FEA-6A4205BAF42F}.Debug|x86.ActiveCfg = Debug|x86
		{2991958C-2AE5-4D60-9FEA-6A4205BAF42F}.Debug|x86.Build.0 = Debug|x86
		{2991958C-2AE5-4D60-9FEA-6A4205BAF42F}.Release|x86.ActiveCfg = Release|x86
		{2991958C-2AE5-4D60-9FEA-6A4205BAF42F}.Release|x86.Build.0 = Release|x86
	EndGlobalSection
EndGlobal
